
Microsoft Visual Studio Solution File, Format Version 12.00
# Visual Studio Version 17
VisualStudioVersion = 17.0.32112.339
MinimumVisualStudioVersion = 10.0.40219.1
Project("{9A19103F-16F7-4668-BE54-9A1E7A4F7556}") = "Warehouse", "Warehouse\Warehouse.csproj", "{5BA07E7E-FCDF-40CE-815F-AB3F65BFCEA4}"
EndProject
Project("{FAE04EC0-301F-11D3-BF4B-00C04F79EFBC}") = "Warehouse.JustMockTest", "Warehouse.JustMockTest\Warehouse.JustMockTest.csproj", "{A560EAB0-CAD0-4310-AD4C-A0F47FFDF851}"
EndProject
Global
	GlobalSection(SolutionConfigurationPlatforms) = preSolution
		Debug|Any CPU = Debug|Any CPU
		Release|Any CPU = Release|Any CPU
	EndGlobalSection
	GlobalSection(ProjectConfigurationPlatforms) = postSolution
		{5BA07E7E-FCDF-40CE-815F-AB3F65BFCEA4}.Debug|Any CPU.ActiveCfg = Debug|Any CPU
		{5BA07E7E-FCDF-40CE-815F-AB3F65BFCEA4}.Debug|Any CPU.Build.0 = Debug|Any CPU
		{5BA07E7E-FCDF-40CE-815F-AB3F65BFCEA4}.Release|Any CPU.ActiveCfg = Release|Any CPU
		{5BA07E7E-FCDF-40CE-815F-AB3F65BFCEA4}.Release|Any CPU.Build.0 = Release|Any CPU
		{A560EAB0-CAD0-4310-AD4C-A0F47FFDF851}.Debug|Any CPU.ActiveCfg = Debug|Any CPU
		{A560EAB0-CAD0-4310-AD4C-A0F47FFDF851}.Debug|Any CPU.Build.0 = Debug|Any CPU
		{A560EAB0-CAD0-4310-AD4C-A0F47FFDF851}.Release|Any CPU.ActiveCfg = Release|Any CPU
		{A560EAB0-CAD0-4310-AD4C-A0F47FFDF851}.Release|Any CPU.Build.0 = Release|Any CPU
	EndGlobalSection
	GlobalSection(SolutionProperties) = preSolution
		HideSolutionNode = FALSE
	EndGlobalSection
	GlobalSection(ExtensibilityGlobals) = postSolution
		SolutionGuid = {2E3FDD1D-C45F-416F-B0EC-3270D82FEAC1}
	EndGlobalSection
EndGlobal
